# This file is autogenerated, do not edit; changes may be undone by the next 'dep ensure'.


[[projects]]
  name = "github.com/Sirupsen/logrus"
  packages = ["."]
  revision = "c155da19408a8799da419ed3eeb0cb5db0ad5dbc"
  version = "v1.0.5"

[[projects]]
  name = "github.com/boltdb/bolt"
  packages = ["."]
  revision = "033d4ec028192f38aef67ae47bd7b89f343145b5"

[[projects]]
  name = "github.com/drewolson/testflight"
  packages = ["."]
  revision = "ab2d9a74b97eda058004c8deef80ac624432f408"
  version = "v1.0.0"

[[projects]]
  name = "github.com/gin-gonic/gin"
  packages = [
    ".",
    "binding",
    "render"
  ]
  revision = "704d690ac0e25fcd060ff82f75f913e879e65a3c"

[[projects]]
  branch = "master"
  name = "github.com/gopherjs/gopherjs"
  packages = ["js"]
  revision = "0892b62f0d9fb5857760c3cfca837207185117ee"

[[projects]]
  name = "github.com/jtolds/gls"
  packages = ["."]
  revision = "77f18212c9c7edc9bd6a33d383a7b545ce62f064"
  version = "v4.2.1"

[[projects]]
  name = "github.com/manucorporat/sse"
  packages = ["."]
  revision = "fe6ea2c8e398672518ef204bf0fbd9af858d0e15"

[[projects]]
  name = "github.com/mattn/go-colorable"
  packages = ["."]
  revision = "40e4aedc8fabf8c23e040057540867186712faa5"

[[projects]]
  name = "github.com/mattn/go-isatty"
  packages = ["."]
  revision = "0360b2af4f38e8d38c7fce2a9f4e702702d73a39"
  version = "v0.0.3"

[[projects]]
  name = "github.com/smartystreets/assertions"
  packages = [
    ".",
    "internal/go-render/render",
    "internal/oglematchers"
  ]
  revision = "7678a5452ebea5b7090a6b163f844c133f523da2"
  version = "1.8.3"

[[projects]]
  name = "github.com/smartystreets/goconvey"
  packages = [
    "convey",
    "convey/gotest",
    "convey/reporting"
  ]
  revision = "9e8dc3f972df6c8fcc0375ef492c24d0bb204857"
  version = "1.6.3"

[[projects]]
  branch = "master"
  name = "golang.org/x/crypto"
  packages = ["ssh/terminal"]
  revision = "a2144134853fc9a27a7b1e3eb4f19f1a76df13c9"

[[projects]]
  name = "golang.org/x/net"
  packages = ["context"]
  revision = "db8e4de5b2d6653f66aea53094624468caad15d2"

[[projects]]
  branch = "master"
  name = "golang.org/x/sys"
  packages = [
    "unix",
    "windows"
  ]
  revision = "ac767d655b305d4e9612f5f6e33120b9176c4ad4"

[[projects]]
  name = "gopkg.in/bluesuncorp/validator.v5"
  packages = ["."]
  revision = "d5acf1dac43705f8bfbb71d878e290e2bed3950b"
  version = "v5.12"

[solve-meta]
  analyzer-name = "dep"
  analyzer-version = 1
  inputs-digest = "782042d6e5e96b57c6c6dcaf27556e2c23b6f83bb9896d2d9ed6e64dab1f4344"
  solver-name = "gps-cdcl"
  solver-version = 1
